
Microsoft Visual Studio Solution File, Format Version 12.00
# Visual Studio Version 17
VisualStudioVersion = 17.5.002.0
MinimumVisualStudioVersion = 10.0.40219.1
Project("{9A19103F-16F7-4668-BE54-9A1E7A4F7556}") = "metotlar", "metotlar.csproj", "{DC430994-A5E6-4B65-8D7E-D2287F1063BF}"
EndProject
Global
	GlobalSection(SolutionConfigurationPlatforms) = preSolution
		Debug|Any CPU = Debug|Any CPU
		Release|Any CPU = Release|Any CPU
	EndGlobalSection
	GlobalSection(ProjectConfigurationPlatforms) = postSolution
		{DC430994-A5E6-4B65-8D7E-D2287F1063BF}.Debug|Any CPU.ActiveCfg = Debug|Any CPU
		{DC430994-A5E6-4B65-8D7E-D2287F1063BF}.Debug|Any CPU.Build.0 = Debug|Any CPU
		{DC430994-A5E6-4B65-8D7E-D2287F1063BF}.Release|Any CPU.ActiveCfg = Release|Any CPU
		{DC430994-A5E6-4B65-8D7E-D2287F1063BF}.Release|Any CPU.Build.0 = Release|Any CPU
	EndGlobalSection
	GlobalSection(SolutionProperties) = preSolution
		HideSolutionNode = FALSE
	EndGlobalSection
	GlobalSection(ExtensibilityGlobals) = postSolution
		SolutionGuid = {03DFFB66-433D-43C1-A99F-BEE6AD55F64D}
	EndGlobalSection
EndGlobal
